// !$*UTF8*$!
{
	archiveVersion = 1;
	classes = {
	};
	objectVersion = 50;
	objects = {

/* Begin PBXBuildFile section */
		78ED7E6C2429F32E007DB25D /* AppDelegate.swift in Sources */ = {isa = PBXBuildFile; fileRef = 78ED7E6B2429F32E007DB25D /* AppDelegate.swift */; };
		78ED7E6E2429F32E007DB25D /* SceneDelegate.swift in Sources */ = {isa = PBXBuildFile; fileRef = 78ED7E6D2429F32E007DB25D /* SceneDelegate.swift */; };
		78ED7E702429F32E007DB25D /* ContentView.swift in Sources */ = {isa = PBXBuildFile; fileRef = 78ED7E6F2429F32E007DB25D /* ContentView.swift */; };
		78ED7E722429F330007DB25D /* Assets.xcassets in Resources */ = {isa = PBXBuildFile; fileRef = 78ED7E712429F330007DB25D /* Assets.xcassets */; };
		78ED7E752429F330007DB25D /* Preview Assets.xcassets in Resources */ = {isa = PBXBuildFile; fileRef = 78ED7E742429F330007DB25D /* Preview Assets.xcassets */; };
		78ED7E782429F330007DB25D /* LaunchScreen.storyboard in Resources */ = {isa = PBXBuildFile; fileRef = 78ED7E762429F330007DB25D /* LaunchScreen.storyboard */; };
/* End PBXBuildFile section */

/* Begin PBXContainerItemProxy section */
		78ED7E7F2429F331007DB25D /* PBXContainerItemProxy */ = {
			isa = PBXContainerItemProxy;
			containerPortal = 78ED7E602429F32E007DB25D /* Project object */;
			proxyType = 1;
			remoteGlobalIDString = 78ED7E672429F32E007DB25D;
			remoteInfo = "Journal-Live";
		};
		78ED7E8A2429F331007DB25D /* PBXContainerItemProxy */ = {
			isa = PBXContainerItemProxy;
			containerPortal = 78ED7E602429F32E007DB25D /* Project object */;
			proxyType = 1;
			remoteGlobalIDString = 78ED7E672429F32E007DB25D;
			remoteInfo = "Journal-Live";
		};
/* End PBXContainerItemProxy section */

/* Begin PBXFileReference section */
		78ED7E682429F32E007DB25D /* Journal-Live.app */ = {isa = PBXFileReference; explicitFileType = wrapper.application; includeInIndex = 0; path = "Journal-Live.app"; sourceTree = BUILT_PRODUCTS_DIR; };
		78ED7E6B2429F32E007DB25D /* AppDelegate.swift */ = {isa = PBXFileReference; lastKnownFileType = sourcecode.swift; path = AppDelegate.swift; sourceTree = "<group>"; };
		78ED7E6D2429F32E007DB25D /* SceneDelegate.swift */ = {isa = PBXFileReference; lastKnownFileType = sourcecode.swift; path = SceneDelegate.swift; sourceTree = "<group>"; };
		78ED7E6F2429F32E007DB25D /* ContentView.swift */ = {isa = PBXFileReference; lastKnownFileType = sourcecode.swift; path = ContentView.swift; sourceTree = "<group>"; };
		78ED7E712429F330007DB25D /* Assets.xcassets */ = {isa = PBXFileReference; lastKnownFileType = folder.assetcatalog; path = Assets.xcassets; sourceTree = "<group>"; };
		78ED7E742429F330007DB25D /* Preview Assets.xcassets */ = {isa = PBXFileReference; lastKnownFileType = folder.assetcatalog; path = "Preview Assets.xcassets"; sourceTree = "<group>"; };
		78ED7E772429F330007DB25D /* Base */ = {isa = PBXFileReference; lastKnownFileType = file.storyboard; name = Base; path = Base.lproj/LaunchScreen.storyboard; sourceTree = "<group>"; };
		78ED7E792429F330007DB25D /* Info.plist */ = {isa = PBXFileReference; lastKnownFileType = text.plist.xml; path = Info.plist; sourceTree = "<group>"; };
		78ED7E7E2429F331007DB25D /* Journal-LiveTests.xctest */ = {isa = PBXFileReference; explicitFileType = wrapper.cfbundle; includeInIndex = 0; path = "Journal-LiveTests.xctest"; sourceTree = BUILT_PRODUCTS_DIR; };
		78ED7E892429F331007DB25D /* Journal-LiveUITests.xctest */ = {isa = PBXFileReference; explicitFileType = wrapper.cfbundle; includeInIndex = 0; path = "Journal-LiveUITests.xctest"; sourceTree = BUILT_PRODUCTS_DIR; };
/* End PBXFileReference section */

/* Begin PBXFrameworksBuildPhase section */
		78ED7E652429F32E007DB25D /* Frameworks */ = {
			isa = PBXFrameworksBuildPhase;
			buildActionMask = 2147483647;
			files = (
			);
			runOnlyForDeploymentPostprocessing = 0;
		};
		78ED7E7B2429F331007DB25D /* Frameworks */ = {
			isa = PBXFrameworksBuildPhase;
			buildActionMask = 2147483647;
			files = (
			);
			runOnlyForDeploymentPostprocessing = 0;
		};
		78ED7E862429F331007DB25D /* Frameworks */ = {
			isa = PBXFrameworksBuildPhase;
			buildActionMask = 2147483647;
			files = (
			);
			runOnlyForDeploymentPostprocessing = 0;
		};
/* End PBXFrameworksBuildPhase section */

/* Begin PBXGroup section */
		78ED7E5F2429F32E007DB25D = {
			isa = PBXGroup;
			children = (
				78ED7E6A2429F32E007DB25D /* Journal-Live */,
				78ED7E692429F32E007DB25D /* Products */,
			);
			sourceTree = "<group>";
		};
		78ED7E692429F32E007DB25D /* Products */ = {
			isa = PBXGroup;
			children = (
				78ED7E682429F32E007DB25D /* Journal-Live.app */,
				78ED7E7E2429F331007DB25D /* Journal-LiveTests.xctest */,
				78ED7E892429F331007DB25D /* Journal-LiveUITests.xctest */,
			);
			name = Products;
			sourceTree = "<group>";
		};
		78ED7E6A2429F32E007DB25D /* Journal-Live */ = {
			isa = PBXGroup;
			children = (
				78ED7EA5242C9C93007DB25D /* Classes */,
				78ED7E6B2429F32E007DB25D /* AppDelegate.swift */,
				78ED7E6D2429F32E007DB25D /* SceneDelegate.swift */,
				78ED7E6F2429F32E007DB25D /* ContentView.swift */,
				78ED7E712429F330007DB25D /* Assets.xcassets */,
				78ED7E762429F330007DB25D /* LaunchScreen.storyboard */,
				78ED7E792429F330007DB25D /* Info.plist */,
				78ED7E732429F330007DB25D /* Preview Content */,
			);
			path = "Journal-Live";
			sourceTree = "<group>";
		};
		78ED7E732429F330007DB25D /* Preview Content */ = {
			isa = PBXGroup;
			children = (
				78ED7E742429F330007DB25D /* Preview Assets.xcassets */,
			);
			path = "Preview Content";
			sourceTree = "<group>";
		};
		78ED7EA5242C9C93007DB25D /* Classes */ = {
			isa = PBXGroup;
			children = (
				78ED7EA9242C9C93007DB25D /* Main */,
				78ED7EAA242C9CD7007DB25D /* Tools */,
				78ED7EA6242C9C93007DB25D /* OnGoing */,
				78ED7EA7242C9C93007DB25D /* Review */,
				78ED7EA8242C9C93007DB25D /* OverLooking */,
			);
			path = Classes;
			sourceTree = "<group>";
		};
		78ED7EA6242C9C93007DB25D /* OnGoing */ = {
			isa = PBXGroup;
			children = (
			);
			path = OnGoing;
			sourceTree = "<group>";
		};
		78ED7EA7242C9C93007DB25D /* Review */ = {
			isa = PBXGroup;
			children = (
			);
			path = Review;
			sourceTree = "<group>";
		};
		78ED7EA8242C9C93007DB25D /* OverLooking */ = {
			isa = PBXGroup;
			children = (
			);
			path = OverLooking;
			sourceTree = "<group>";
		};
		78ED7EA9242C9C93007DB25D /* Main */ = {
			isa = PBXGroup;
			children = (
			);
			path = Main;
			sourceTree = "<group>";
		};
		78ED7EAA242C9CD7007DB25D /* Tools */ = {
			isa = PBXGroup;
			children = (
			);
			path = Tools;
			sourceTree = "<group>";
		};
/* End PBXGroup section */

/* Begin PBXNativeTarget section */
		78ED7E672429F32E007DB25D /* Journal-Live */ = {
			isa = PBXNativeTarget;
			buildConfigurationList = 78ED7E922429F331007DB25D /* Build configuration list for PBXNativeTarget "Journal-Live" */;
			buildPhases = (
				78ED7E642429F32E007DB25D /* Sources */,
				78ED7E652429F32E007DB25D /* Frameworks */,
				78ED7E662429F32E007DB25D /* Resources */,
			);
			buildRules = (
			);
			dependencies = (
			);
			name = "Journal-Live";
			productName = "Journal-Live";
			productReference = 78ED7E682429F32E007DB25D /* Journal-Live.app */;
			productType = "com.apple.product-type.application";
		};
		78ED7E7D2429F331007DB25D /* Journal-LiveTests */ = {
			isa = PBXNativeTarget;
			buildConfigurationList = 78ED7E952429F331007DB25D /* Build configuration list for PBXNativeTarget "Journal-LiveTests" */;
			buildPhases = (
				78ED7E7A2429F331007DB25D /* Sources */,
				78ED7E7B2429F331007DB25D /* Frameworks */,
				78ED7E7C2429F331007DB25D /* Resources */,
			);
			buildRules = (
			);
			dependencies = (
				78ED7E802429F331007DB25D /* PBXTargetDependency */,
			);
			name = "Journal-LiveTests";
			productName = "Journal-LiveTests";
			productReference = 78ED7E7E2429F331007DB25D /* Journal-LiveTests.xctest */;
			productType = "com.apple.product-type.bundle.unit-test";
		};
		78ED7E882429F331007DB25D /* Journal-LiveUITests */ = {
			isa = PBXNativeTarget;
			buildConfigurationList = 78ED7E982429F331007DB25D /* Build configuration list for PBXNativeTarget "Journal-LiveUITests" */;
			buildPhases = (
				78ED7E852429F331007DB25D /* Sources */,
				78ED7E862429F331007DB25D /* Frameworks */,
				78ED7E872429F331007DB25D /* Resources */,
			);
			buildRules = (
			);
			dependencies = (
				78ED7E8B2429F331007DB25D /* PBXTargetDependency */,
			);
			name = "Journal-LiveUITests";
			productName = "Journal-LiveUITests";
			productReference = 78ED7E892429F331007DB25D /* Journal-LiveUITests.xctest */;
			productType = "com.apple.product-type.bundle.ui-testing";
		};
/* End PBXNativeTarget section */

/* Begin PBXProject section */
		78ED7E602429F32E007DB25D /* Project object */ = {
			isa = PBXProject;
			attributes = {
				LastSwiftUpdateCheck = 1130;
				LastUpgradeCheck = 1130;
				ORGANIZATIONNAME = "Jiran Li";
				TargetAttributes = {
					78ED7E672429F32E007DB25D = {
						CreatedOnToolsVersion = 11.3.1;
					};
					78ED7E7D2429F331007DB25D = {
						CreatedOnToolsVersion = 11.3.1;
						TestTargetID = 78ED7E672429F32E007DB25D;
					};
					78ED7E882429F331007DB25D = {
						CreatedOnToolsVersion = 11.3.1;
						TestTargetID = 78ED7E672429F32E007DB25D;
					};
				};
			};
			buildConfigurationList = 78ED7E632429F32E007DB25D /* Build configuration list for PBXProject "Journal-Live" */;
			compatibilityVersion = "Xcode 9.3";
			developmentRegion = en;
			hasScannedForEncodings = 0;
			knownRegions = (
				en,
				Base,
			);
			mainGroup = 78ED7E5F2429F32E007DB25D;
			productRefGroup = 78ED7E692429F32E007DB25D /* Products */;
			projectDirPath = "";
			projectRoot = "";
			targets = (
				78ED7E672429F32E007DB25D /* Journal-Live */,
				78ED7E7D2429F331007DB25D /* Journal-LiveTests */,
				78ED7E882429F331007DB25D /* Journal-LiveUITests */,
			);
		};
/* End PBXProject section */

/* Begin PBXResourcesBuildPhase section */
		78ED7E662429F32E007DB25D /* Resources */ = {
			isa = PBXResourcesBuildPhase;
			buildActionMask = 2147483647;
			files = (
				78ED7E782429F330007DB25D /* LaunchScreen.storyboard in Resources */,
				78ED7E752429F330007DB25D /* Preview Assets.xcassets in Resources */,
				78ED7E722429F330007DB25D /* Assets.xcassets in Resources */,
			);
			runOnlyForDeploymentPostprocessing = 0;
		};
		78ED7E7C2429F331007DB25D /* Resources */ = {
			isa = PBXResourcesBuildPhase;
			buildActionMask = 2147483647;
			files = (
			);
			runOnlyForDeploymentPostprocessing = 0;
		};
		78ED7E872429F331007DB25D /* Resources */ = {
			isa = PBXResourcesBuildPhase;
			buildActionMask = 2147483647;
			files = (
			);
			runOnlyForDeploymentPostprocessing = 0;
		};
/* End PBXResourcesBuildPhase section */

/* Begin PBXSourcesBuildPhase section */
		78ED7E642429F32E007DB25D /* Sources */ = {
			isa = PBXSourcesBuildPhase;
			buildActionMask = 2147483647;
			files = (
				78ED7E6C2429F32E007DB25D /* AppDelegate.swift in Sources */,
				78ED7E6E2429F32E007DB25D /* SceneDelegate.swift in Sources */,
				78ED7E702429F32E007DB25D /* ContentView.swift in Sources */,
			);
			runOnlyForDeploymentPostprocessing = 0;
		};
		78ED7E7A2429F331007DB25D /* Sources */ = {
			isa = PBXSourcesBuildPhase;
			buildActionMask = 2147483647;
			files = (
			);
			runOnlyForDeploymentPostprocessing = 0;
		};
		78ED7E852429F331007DB25D /* Sources */ = {
			isa = PBXSourcesBuildPhase;
			buildActionMask = 2147483647;
			files = (
			);
			runOnlyForDeploymentPostprocessing = 0;
		};
/* End PBXSourcesBuildPhase section */

/* Begin PBXTargetDependency section */
		78ED7E802429F331007DB25D /* PBXTargetDependency */ = {
			isa = PBXTargetDependency;
			target = 78ED7E672429F32E007DB25D /* Journal-Live */;
			targetProxy = 78ED7E7F2429F331007DB25D /* PBXContainerItemProxy */;
		};
		78ED7E8B2429F331007DB25D /* PBXTargetDependency */ = {
			isa = PBXTargetDependency;
			target = 78ED7E672429F32E007DB25D /* Journal-Live */;
			targetProxy = 78ED7E8A2429F331007DB25D /* PBXContainerItemProxy */;
		};
/* End PBXTargetDependency section */

/* Begin PBXVariantGroup section */
		78ED7E762429F330007DB25D /* LaunchScreen.storyboard */ = {
			isa = PBXVariantGroup;
			children = (
				78ED7E772429F330007DB25D /* Base */,
			);
			name = LaunchScreen.storyboard;
			sourceTree = "<group>";
		};
/* End PBXVariantGroup section */

/* Begin XCBuildConfiguration section */
		78ED7E902429F331007DB25D /* Debug */ = {
			isa = XCBuildConfiguration;
			buildSettings = {
				ALWAYS_SEARCH_USER_PATHS = NO;
				CLANG_ANALYZER_NONNULL = YES;
				CLANG_ANALYZER_NUMBER_OBJECT_CONVERSION = YES_AGGRESSIVE;
				CLANG_CXX_LANGUAGE_STANDARD = "gnu++14";
				CLANG_CXX_LIBRARY = "libc++";
				CLANG_ENABLE_MODULES = YES;
				CLANG_ENABLE_OBJC_ARC = YES;
				CLANG_ENABLE_OBJC_WEAK = YES;
				CLANG_WARN_BLOCK_CAPTURE_AUTORELEASING = YES;
				CLANG_WARN_BOOL_CONVERSION = YES;
				CLANG_WARN_COMMA = YES;
				CLANG_WARN_CONSTANT_CONVERSION = YES;
				CLANG_WARN_DEPRECATED_OBJC_IMPLEMENTATIONS = YES;
				CLANG_WARN_DIRECT_OBJC_ISA_USAGE = YES_ERROR;
				CLANG_WARN_DOCUMENTATION_COMMENTS = YES;
				CLANG_WARN_EMPTY_BODY = YES;
				CLANG_WARN_ENUM_CONVERSION = YES;
				CLANG_WARN_INFINITE_RECURSION = YES;
				CLANG_WARN_INT_CONVERSION = YES;
				CLANG_WARN_NON_LITERAL_NULL_CONVERSION = YES;
				CLANG_WARN_OBJC_IMPLICIT_RETAIN_SELF = YES;
				CLANG_WARN_OBJC_LITERAL_CONVERSION = YES;
				CLANG_WARN_OBJC_ROOT_CLASS = YES_ERROR;
				CLANG_WARN_RANGE_LOOP_ANALYSIS = YES;
				CLANG_WARN_STRICT_PROTOTYPES = YES;
				CLANG_WARN_SUSPICIOUS_MOVE = YES;
				CLANG_WARN_UNGUARDED_AVAILABILITY = YES_AGGRESSIVE;
				CLANG_WARN_UNREACHABLE_CODE = YES;
				CLANG_WARN__DUPLICATE_METHOD_MATCH = YES;
				COPY_PHASE_STRIP = NO;
				DEBUG_INFORMATION_FORMAT = dwarf;
				ENABLE_STRICT_OBJC_MSGSEND = YES;
				ENABLE_TESTABILITY = YES;
				GCC_C_LANGUAGE_STANDARD = gnu11;
				GCC_DYNAMIC_NO_PIC = NO;
				GCC_NO_COMMON_BLOCKS = YES;
				GCC_OPTIMIZATION_LEVEL = 0;
				GCC_PREPROCESSOR_DEFINITIONS = (
					"DEBUG=1",
					"$(inherited)",
				);
				GCC_WARN_64_TO_32_BIT_CONVERSION = YES;
				GCC_WARN_ABOUT_RETURN_TYPE = YES_ERROR;
				GCC_WARN_UNDECLARED_SELECTOR = YES;
				GCC_WARN_UNINITIALIZED_AUTOS = YES_AGGRESSIVE;
				GCC_WARN_UNUSED_FUNCTION = YES;
				GCC_WARN_UNUSED_VARIABLE = YES;
				IPHONEOS_DEPLOYMENT_TARGET = 13.2;
				MTL_ENABLE_DEBUG_INFO = INCLUDE_SOURCE;
				MTL_FAST_MATH = YES;
				ONLY_ACTIVE_ARCH = YES;
				SDKROOT = iphoneos;
				SWIFT_ACTIVE_COMPILATION_CONDITIONS = DEBUG;
				SWIFT_OPTIMIZATION_LEVEL = "-Onone";
			};
			name = Debug;
		};
		78ED7E912429F331007DB25D /* Release */ = {
			isa = XCBuildConfiguration;
			buildSettings = {
				ALWAYS_SEARCH_USER_PATHS = NO;
				CLANG_ANALYZER_NONNULL = YES;
				CLANG_ANALYZER_NUMBER_OBJECT_CONVERSION = YES_AGGRESSIVE;
				CLANG_CXX_LANGUAGE_STANDARD = "gnu++14";
				CLANG_CXX_LIBRARY = "libc++";
				CLANG_ENABLE_MODULES = YES;
				CLANG_ENABLE_OBJC_ARC = YES;
				CLANG_ENABLE_OBJC_WEAK = YES;
				CLANG_WARN_BLOCK_CAPTURE_AUTORELEASING = YES;
				CLANG_WARN_BOOL_CONVERSION = YES;
				CLANG_WARN_COMMA = YES;
				CLANG_WARN_CONSTANT_CONVERSION = YES;
				CLANG_WARN_DEPRECATED_OBJC_IMPLEMENTATIONS = YES;
				CLANG_WARN_DIRECT_OBJC_ISA_USAGE = YES_ERROR;
				CLANG_WARN_DOCUMENTATION_COMMENTS = YES;
				CLANG_WARN_EMPTY_BODY = YES;
				CLANG_WARN_ENUM_CONVERSION = YES;
				CLANG_WARN_INFINITE_RECURSION = YES;
				CLANG_WARN_INT_CONVERSION = YES;
				CLANG_WARN_NON_LITERAL_NULL_CONVERSION = YES;
				CLANG_WARN_OBJC_IMPLICIT_RETAIN_SELF = YES;
				CLANG_WARN_OBJC_LITERAL_CONVERSION = YES;
				CLANG_WARN_OBJC_ROOT_CLASS = YES_ERROR;
				CLANG_WARN_RANGE_LOOP_ANALYSIS = YES;
				CLANG_WARN_STRICT_PROTOTYPES = YES;
				CLANG_WARN_SUSPICIOUS_MOVE = YES;
				CLANG_WARN_UNGUARDED_AVAILABILITY = YES_AGGRESSIVE;
				CLANG_WARN_UNREACHABLE_CODE = YES;
				CLANG_WARN__DUPLICATE_METHOD_MATCH = YES;
				COPY_PHASE_STRIP = NO;
				DEBUG_INFORMATION_FORMAT = "dwarf-with-dsym";
				ENABLE_NS_ASSERTIONS = NO;
				ENABLE_STRICT_OBJC_MSGSEND = YES;
				GCC_C_LANGUAGE_STANDARD = gnu11;
				GCC_NO_COMMON_BLOCKS = YES;
				GCC_WARN_64_TO_32_BIT_CONVERSION = YES;
				GCC_WARN_ABOUT_RETURN_TYPE = YES_ERROR;
				GCC_WARN_UNDECLARED_SELECTOR = YES;
				GCC_WARN_UNINITIALIZED_AUTOS = YES_AGGRESSIVE;
				GCC_WARN_UNUSED_FUNCTION = YES;
				GCC_WARN_UNUSED_VARIABLE = YES;
				IPHONEOS_DEPLOYMENT_TARGET = 13.2;
				MTL_ENABLE_DEBUG_INFO = NO;
				MTL_FAST_MATH = YES;
				SDKROOT = iphoneos;
				SWIFT_COMPILATION_MODE = wholemodule;
				SWIFT_OPTIMIZATION_LEVEL = "-O";
				VALIDATE_PRODUCT = YES;
			};
			name = Release;
		};
		78ED7E932429F331007DB25D /* Debug */ = {
			isa = XCBuildConfiguration;
			buildSettings = {
				ASSETCATALOG_COMPILER_APPICON_NAME = AppIcon;
				CODE_SIGN_STYLE = Automatic;
				DEVELOPMENT_ASSET_PATHS = "\"Journal-Live/Preview Content\"";
				ENABLE_PREVIEWS = YES;
				INFOPLIST_FILE = "Journal-Live/Info.plist";
				LD_RUNPATH_SEARCH_PATHS = (
					"$(inherited)",
					"@executable_path/Frameworks",
				);
				PRODUCT_BUNDLE_IDENTIFIER = "---.Journal-Live";
				PRODUCT_NAME = "$(TARGET_NAME)";
				SWIFT_VERSION = 5.0;
				TARGETED_DEVICE_FAMILY = 1;
			};
			name = Debug;
		};
		78ED7E942429F331007DB25D /* Release */ = {
			isa = XCBuildConfiguration;
			buildSettings = {
				ASSETCATALOG_COMPILER_APPICON_NAME = AppIcon;
				CODE_SIGN_STYLE = Automatic;
				DEVELOPMENT_ASSET_PATHS = "\"Journal-Live/Preview Content\"";
				ENABLE_PREVIEWS = YES;
				INFOPLIST_FILE = "Journal-Live/Info.plist";
				LD_RUNPATH_SEARCH_PATHS = (
					"$(inherited)",
					"@executable_path/Frameworks",
				);
				PRODUCT_BUNDLE_IDENTIFIER = "---.Journal-Live";
				PRODUCT_NAME = "$(TARGET_NAME)";
				SWIFT_VERSION = 5.0;
				TARGETED_DEVICE_FAMILY = 1;
			};
			name = Release;
		};
		78ED7E962429F331007DB25D /* Debug */ = {
			isa = XCBuildConfiguration;
			buildSettings = {
				ALWAYS_EMBED_SWIFT_STANDARD_LIBRARIES = YES;
				BUNDLE_LOADER = "$(TEST_HOST)";
				CODE_SIGN_STYLE = Automatic;
				INFOPLIST_FILE = "Journal-LiveTests/Info.plist";
				IPHONEOS_DEPLOYMENT_TARGET = 13.2;
				LD_RUNPATH_SEARCH_PATHS = (
					"$(inherited)",
					"@executable_path/Frameworks",
					"@loader_path/Frameworks",
				);
				PRODUCT_BUNDLE_IDENTIFIER = "---.Journal-LiveTests";
				PRODUCT_NAME = "$(TARGET_NAME)";
				SWIFT_VERSION = 5.0;
				TARGETED_DEVICE_FAMILY = "1,2";
				TEST_HOST = "$(BUILT_PRODUCTS_DIR)/Journal-Live.app/Journal-Live";
			};
			name = Debug;
		};
		78ED7E972429F331007DB25D /* Release */ = {
			isa = XCBuildConfiguration;
			buildSettings = {
				ALWAYS_EMBED_SWIFT_STANDARD_LIBRARIES = YES;
				BUNDLE_LOADER = "$(TEST_HOST)";
				CODE_SIGN_STYLE = Automatic;
				INFOPLIST_FILE = "Journal-LiveTests/Info.plist";
				IPHONEOS_DEPLOYMENT_TARGET = 13.2;
				LD_RUNPATH_SEARCH_PATHS = (
					"$(inherited)",
					"@executable_path/Frameworks",
					"@loader_path/Frameworks",
				);
				PRODUCT_BUNDLE_IDENTIFIER = "---.Journal-LiveTests";
				PRODUCT_NAME = "$(TARGET_NAME)";
				SWIFT_VERSION = 5.0;
				TARGETED_DEVICE_FAMILY = "1,2";
				TEST_HOST = "$(BUILT_PRODUCTS_DIR)/Journal-Live.app/Journal-Live";
			};
			name = Release;
		};
		78ED7E992429F331007DB25D /* Debug */ = {
			isa = XCBuildConfiguration;
			buildSettings = {
				ALWAYS_EMBED_SWIFT_STANDARD_LIBRARIES = YES;
				CODE_SIGN_STYLE = Automatic;
				INFOPLIST_FILE = "Journal-LiveUITests/Info.plist";
				LD_RUNPATH_SEARCH_PATHS = (
					"$(inherited)",
					"@executable_path/Frameworks",
					"@loader_path/Frameworks",
				);
				PRODUCT_BUNDLE_IDENTIFIER = "---.Journal-LiveUITests";
				PRODUCT_NAME = "$(TARGET_NAME)";
				SWIFT_VERSION = 5.0;
				TARGETED_DEVICE_FAMILY = "1,2";
				TEST_TARGET_NAME = "Journal-Live";
			};
			name = Debug;
		};
		78ED7E9A2429F331007DB25D /* Release */ = {
			isa = XCBuildConfiguration;
			buildSettings = {
				ALWAYS_EMBED_SWIFT_STANDARD_LIBRARIES = YES;
				CODE_SIGN_STYLE = Automatic;
				INFOPLIST_FILE = "Journal-LiveUITests/Info.plist";
				LD_RUNPATH_SEARCH_PATHS = (
					"$(inherited)",
					"@executable_path/Frameworks",
					"@loader_path/Frameworks",
				);
				PRODUCT_BUNDLE_IDENTIFIER = "---.Journal-LiveUITests";
				PRODUCT_NAME = "$(TARGET_NAME)";
				SWIFT_VERSION = 5.0;
				TARGETED_DEVICE_FAMILY = "1,2";
				TEST_TARGET_NAME = "Journal-Live";
			};
			name = Release;
		};
/* End XCBuildConfiguration section */

/* Begin XCConfigurationList section */
		78ED7E632429F32E007DB25D /* Build configuration list for PBXProject "Journal-Live" */ = {
			isa = XCConfigurationList;
			buildConfigurations = (
				78ED7E902429F331007DB25D /* Debug */,
				78ED7E912429F331007DB25D /* Release */,
			);
			defaultConfigurationIsVisible = 0;
			defaultConfigurationName = Release;
		};
		78ED7E922429F331007DB25D /* Build configuration list for PBXNativeTarget "Journal-Live" */ = {
			isa = XCConfigurationList;
			buildConfigurations = (
				78ED7E932429F331007DB25D /* Debug */,
				78ED7E942429F331007DB25D /* Release */,
			);
			defaultConfigurationIsVisible = 0;
			defaultConfigurationName = Release;
		};
		78ED7E952429F331007DB25D /* Build configuration list for PBXNativeTarget "Journal-LiveTests" */ = {
			isa = XCConfigurationList;
			buildConfigurations = (
				78ED7E962429F331007DB25D /* Debug */,
				78ED7E972429F331007DB25D /* Release */,
			);
			defaultConfigurationIsVisible = 0;
			defaultConfigurationName = Release;
		};
		78ED7E982429F331007DB25D /* Build configuration list for PBXNativeTarget "Journal-LiveUITests" */ = {
			isa = XCConfigurationList;
			buildConfigurations = (
				78ED7E992429F331007DB25D /* Debug */,
				78ED7E9A2429F331007DB25D /* Release */,
			);
			defaultConfigurationIsVisible = 0;
			defaultConfigurationName = Release;
		};
/* End XCConfigurationList section */
	};
	rootObject = 78ED7E602429F32E007DB25D /* Project object */;
}
